
Microsoft Visual Studio Solution File, Format Version 12.00
# Visual Studio Version 17
VisualStudioVersion = 17.14.36414.22 d17.14
MinimumVisualStudioVersion = 10.0.40219.1
Project("{FAE04EC0-301F-11D3-BF4B-00C04F79EFBC}") = "MinhaPrimeiraApi.API", "MinhaPrimeiraApi.API\MinhaPrimeiraApi.API.csproj", "{EAEDC1D1-71E4-4502-91B5-DD6AC84D82DB}"
EndProject
Project("{FAE04EC0-301F-11D3-BF4B-00C04F79EFBC}") = "MinhaPrimeiraApi.Aplication", "MinhaPrimeiraApi.Aplication\MinhaPrimeiraApi.Aplication.csproj", "{AD9D1BF0-B24D-4651-9E54-71F1A649939E}"
EndProject
Project("{FAE04EC0-301F-11D3-BF4B-00C04F79EFBC}") = "MinhaPrimeiraApi.Infrastructure", "MinhaPrimeiraApi.Infrastructure\MinhaPrimeiraApi.Infrastructure.csproj", "{DA7D0BF0-8C93-4DE6-8E61-668BE1AE6A72}"
EndProject
Project("{FAE04EC0-301F-11D3-BF4B-00C04F79EFBC}") = "MinhaPrimeiraApi.Domain", "MinhaPrimeiraApi.Domain\MinhaPrimeiraApi.Domain.csproj", "{D58255A5-034E-410E-894C-6A60DDC5EE82}"
EndProject
Project("{FAE04EC0-301F-11D3-BF4B-00C04F79EFBC}") = "MinhaPrimeiraApi.Console", "MinhaPrimeiraApi.Console\MinhaPrimeiraApi.Console.csproj", "{FCAD11DF-0320-4C0A-84F5-81541B3868B7}"
EndProject
Global
	GlobalSection(SolutionConfigurationPlatforms) = preSolution
		Debug|Any CPU = Debug|Any CPU
		Release|Any CPU = Release|Any CPU
	EndGlobalSection
	GlobalSection(ProjectConfigurationPlatforms) = postSolution
		{EAEDC1D1-71E4-4502-91B5-DD6AC84D82DB}.Debug|Any CPU.ActiveCfg = Debug|Any CPU
		{EAEDC1D1-71E4-4502-91B5-DD6AC84D82DB}.Debug|Any CPU.Build.0 = Debug|Any CPU
		{EAEDC1D1-71E4-4502-91B5-DD6AC84D82DB}.Release|Any CPU.ActiveCfg = Release|Any CPU
		{EAEDC1D1-71E4-4502-91B5-DD6AC84D82DB}.Release|Any CPU.Build.0 = Release|Any CPU
		{AD9D1BF0-B24D-4651-9E54-71F1A649939E}.Debug|Any CPU.ActiveCfg = Debug|Any CPU
		{AD9D1BF0-B24D-4651-9E54-71F1A649939E}.Debug|Any CPU.Build.0 = Debug|Any CPU
		{AD9D1BF0-B24D-4651-9E54-71F1A649939E}.Release|Any CPU.ActiveCfg = Release|Any CPU
		{AD9D1BF0-B24D-4651-9E54-71F1A649939E}.Release|Any CPU.Build.0 = Release|Any CPU
		{DA7D0BF0-8C93-4DE6-8E61-668BE1AE6A72}.Debug|Any CPU.ActiveCfg = Debug|Any CPU
		{DA7D0BF0-8C93-4DE6-8E61-668BE1AE6A72}.Debug|Any CPU.Build.0 = Debug|Any CPU
		{DA7D0BF0-8C93-4DE6-8E61-668BE1AE6A72}.Release|Any CPU.ActiveCfg = Release|Any CPU
		{DA7D0BF0-8C93-4DE6-8E61-668BE1AE6A72}.Release|Any CPU.Build.0 = Release|Any CPU
		{D58255A5-034E-410E-894C-6A60DDC5EE82}.Debug|Any CPU.ActiveCfg = Debug|Any CPU
		{D58255A5-034E-410E-894C-6A60DDC5EE82}.Debug|Any CPU.Build.0 = Debug|Any CPU
		{D58255A5-034E-410E-894C-6A60DDC5EE82}.Release|Any CPU.ActiveCfg = Release|Any CPU
		{D58255A5-034E-410E-894C-6A60DDC5EE82}.Release|Any CPU.Build.0 = Release|Any CPU
		{FCAD11DF-0320-4C0A-84F5-81541B3868B7}.Debug|Any CPU.ActiveCfg = Debug|Any CPU
		{FCAD11DF-0320-4C0A-84F5-81541B3868B7}.Debug|Any CPU.Build.0 = Debug|Any CPU
		{FCAD11DF-0320-4C0A-84F5-81541B3868B7}.Release|Any CPU.ActiveCfg = Release|Any CPU
		{FCAD11DF-0320-4C0A-84F5-81541B3868B7}.Release|Any CPU.Build.0 = Release|Any CPU
	EndGlobalSection
	GlobalSection(SolutionProperties) = preSolution
		HideSolutionNode = FALSE
	EndGlobalSection
	GlobalSection(ExtensibilityGlobals) = postSolution
		SolutionGuid = {B32C78C7-532B-4FF7-9A2D-BB129BB18A8D}
	EndGlobalSection
EndGlobal
